{
  "version": 4,
  "terraform_version": "1.2.9",
  "serial": 3,
  "lineage": "afaac7e4-2f58-0379-504c-1c7763032599",
  "outputs": {},
  "resources": [
    {
      "module": "module.remote-state",
      "mode": "managed",
      "type": "google_storage_bucket",
      "name": "default",
      "provider": "provider[\"registry.terraform.io/hashicorp/google\"]",
      "instances": [
        {
          "schema_version": 0,
          "attributes": {
            "cors": [],
            "default_event_based_hold": false,
            "encryption": [],
            "force_destroy": false,
            "id": "c30c83f7bc84515c-bucket-tfstate",
            "labels": null,
            "lifecycle_rule": [],
            "location": "EU",
            "logging": [],
            "name": "c30c83f7bc84515c-bucket-tfstate",
            "project": "cloud-run-poc-tf-3",
            "requester_pays": false,
            "retention_policy": [],
            "self_link": "https://www.googleapis.com/storage/v1/b/c30c83f7bc84515c-bucket-tfstate",
            "storage_class": "STANDARD",
            "timeouts": null,
            "uniform_bucket_level_access": true,
            "url": "gs://c30c83f7bc84515c-bucket-tfstate",
            "versioning": [
              {
                "enabled": true
              }
            ],
            "website": []
          },
          "sensitive_attributes": [],
          "private": "eyJlMmJmYjczMC1lY2FhLTExZTYtOGY4OC0zNDM2M2JjN2M0YzAiOnsiY3JlYXRlIjoyNDAwMDAwMDAwMDAsInJlYWQiOjI0MDAwMDAwMDAwMCwidXBkYXRlIjoyNDAwMDAwMDAwMDB9fQ==",
          "dependencies": [
            "module.remote-state.random_id.bucket_prefix"
          ]
        }
      ]
    },
    {
      "module": "module.remote-state",
      "mode": "managed",
      "type": "random_id",
      "name": "bucket_prefix",
      "provider": "provider[\"registry.terraform.io/hashicorp/random\"]",
      "instances": [
        {
          "schema_version": 0,
          "attributes": {
            "b64_std": "wwyD97yEUVw=",
            "b64_url": "wwyD97yEUVw",
            "byte_length": 8,
            "dec": "14054753637159424348",
            "hex": "c30c83f7bc84515c",
            "id": "wwyD97yEUVw",
            "keepers": null,
            "prefix": null
          },
          "sensitive_attributes": []
        }
      ]
    }
  ]
}
